
Microsoft Visual Studio Solution File, Format Version 12.00
# Visual Studio Version 16
VisualStudioVersion = 16.0.28803.202
MinimumVisualStudioVersion = 10.0.40219.1
Project("{FAE04EC0-301F-11D3-BF4B-00C04F79EFBC}") = "lab_1_1_3", "lab_1_1_3\lab_1_1_3.csproj", "{083EA26D-6858-48FF-9893-CA8F0D3E2039}"
EndProject
Global
	GlobalSection(SolutionConfigurationPlatforms) = preSolution
		Debug|Any CPU = Debug|Any CPU
		Release|Any CPU = Release|Any CPU
	EndGlobalSection
	GlobalSection(ProjectConfigurationPlatforms) = postSolution
		{083EA26D-6858-48FF-9893-CA8F0D3E2039}.Debug|Any CPU.ActiveCfg = Debug|Any CPU
		{083EA26D-6858-48FF-9893-CA8F0D3E2039}.Debug|Any CPU.Build.0 = Debug|Any CPU
		{083EA26D-6858-48FF-9893-CA8F0D3E2039}.Release|Any CPU.ActiveCfg = Release|Any CPU
		{083EA26D-6858-48FF-9893-CA8F0D3E2039}.Release|Any CPU.Build.0 = Release|Any CPU
	EndGlobalSection
	GlobalSection(SolutionProperties) = preSolution
		HideSolutionNode = FALSE
	EndGlobalSection
	GlobalSection(ExtensibilityGlobals) = postSolution
		SolutionGuid = {41421158-FF03-4B9B-BBC1-275376DC8671}
	EndGlobalSection
EndGlobal
