
Microsoft Visual Studio Solution File, Format Version 12.00
# Visual Studio Version 16
VisualStudioVersion = 16.0.28803.202
MinimumVisualStudioVersion = 10.0.40219.1
Project("{FAE04EC0-301F-11D3-BF4B-00C04F79EFBC}") = "lab1.2", "lab1.2\lab1.2.csproj", "{A3399241-32E3-478F-997A-C0FD5639E750}"
EndProject
Global
	GlobalSection(SolutionConfigurationPlatforms) = preSolution
		Debug|Any CPU = Debug|Any CPU
		Release|Any CPU = Release|Any CPU
	EndGlobalSection
	GlobalSection(ProjectConfigurationPlatforms) = postSolution
		{A3399241-32E3-478F-997A-C0FD5639E750}.Debug|Any CPU.ActiveCfg = Debug|Any CPU
		{A3399241-32E3-478F-997A-C0FD5639E750}.Debug|Any CPU.Build.0 = Debug|Any CPU
		{A3399241-32E3-478F-997A-C0FD5639E750}.Release|Any CPU.ActiveCfg = Release|Any CPU
		{A3399241-32E3-478F-997A-C0FD5639E750}.Release|Any CPU.Build.0 = Release|Any CPU
	EndGlobalSection
	GlobalSection(SolutionProperties) = preSolution
		HideSolutionNode = FALSE
	EndGlobalSection
	GlobalSection(ExtensibilityGlobals) = postSolution
		SolutionGuid = {268598F8-E89D-47E4-B291-ACC9E5F5E974}
	EndGlobalSection
EndGlobal
