
Microsoft Visual Studio Solution File, Format Version 12.00
# Visual Studio Version 16
VisualStudioVersion = 16.0.28803.202
MinimumVisualStudioVersion = 10.0.40219.1
Project("{FAE04EC0-301F-11D3-BF4B-00C04F79EFBC}") = "numb of placements", "numb of placements\numb of placements.csproj", "{0353A01B-6DE2-449B-B2F3-E6A9FB85699A}"
EndProject
Global
	GlobalSection(SolutionConfigurationPlatforms) = preSolution
		Debug|Any CPU = Debug|Any CPU
		Release|Any CPU = Release|Any CPU
	EndGlobalSection
	GlobalSection(ProjectConfigurationPlatforms) = postSolution
		{0353A01B-6DE2-449B-B2F3-E6A9FB85699A}.Debug|Any CPU.ActiveCfg = Debug|Any CPU
		{0353A01B-6DE2-449B-B2F3-E6A9FB85699A}.Debug|Any CPU.Build.0 = Debug|Any CPU
		{0353A01B-6DE2-449B-B2F3-E6A9FB85699A}.Release|Any CPU.ActiveCfg = Release|Any CPU
		{0353A01B-6DE2-449B-B2F3-E6A9FB85699A}.Release|Any CPU.Build.0 = Release|Any CPU
	EndGlobalSection
	GlobalSection(SolutionProperties) = preSolution
		HideSolutionNode = FALSE
	EndGlobalSection
	GlobalSection(ExtensibilityGlobals) = postSolution
		SolutionGuid = {CB2AFD42-677C-46EA-BE68-F5A8E1B46769}
	EndGlobalSection
EndGlobal
