
Microsoft Visual Studio Solution File, Format Version 12.00
# Visual Studio Version 16
VisualStudioVersion = 16.0.28803.202
MinimumVisualStudioVersion = 10.0.40219.1
Project("{FAE04EC0-301F-11D3-BF4B-00C04F79EFBC}") = "lab1_2_4", "lab1_2_4\lab1_2_4.csproj", "{62E6C08B-0AC2-43A7-9A99-DC1795AD81D0}"
EndProject
Global
	GlobalSection(SolutionConfigurationPlatforms) = preSolution
		Debug|Any CPU = Debug|Any CPU
		Release|Any CPU = Release|Any CPU
	EndGlobalSection
	GlobalSection(ProjectConfigurationPlatforms) = postSolution
		{62E6C08B-0AC2-43A7-9A99-DC1795AD81D0}.Debug|Any CPU.ActiveCfg = Debug|Any CPU
		{62E6C08B-0AC2-43A7-9A99-DC1795AD81D0}.Debug|Any CPU.Build.0 = Debug|Any CPU
		{62E6C08B-0AC2-43A7-9A99-DC1795AD81D0}.Release|Any CPU.ActiveCfg = Release|Any CPU
		{62E6C08B-0AC2-43A7-9A99-DC1795AD81D0}.Release|Any CPU.Build.0 = Release|Any CPU
	EndGlobalSection
	GlobalSection(SolutionProperties) = preSolution
		HideSolutionNode = FALSE
	EndGlobalSection
	GlobalSection(ExtensibilityGlobals) = postSolution
		SolutionGuid = {429AFDF4-FBF6-45BA-B509-97E10B16BB4E}
	EndGlobalSection
EndGlobal
