
Microsoft Visual Studio Solution File, Format Version 12.00
# Visual Studio Version 16
VisualStudioVersion = 16.0.28803.202
MinimumVisualStudioVersion = 10.0.40219.1
Project("{FAE04EC0-301F-11D3-BF4B-00C04F79EFBC}") = "lab1.3", "lab1.3\lab1.3.csproj", "{ADB1E9A6-9F59-468D-A217-7DCFE523984D}"
EndProject
Global
	GlobalSection(SolutionConfigurationPlatforms) = preSolution
		Debug|Any CPU = Debug|Any CPU
		Release|Any CPU = Release|Any CPU
	EndGlobalSection
	GlobalSection(ProjectConfigurationPlatforms) = postSolution
		{ADB1E9A6-9F59-468D-A217-7DCFE523984D}.Debug|Any CPU.ActiveCfg = Debug|Any CPU
		{ADB1E9A6-9F59-468D-A217-7DCFE523984D}.Debug|Any CPU.Build.0 = Debug|Any CPU
		{ADB1E9A6-9F59-468D-A217-7DCFE523984D}.Release|Any CPU.ActiveCfg = Release|Any CPU
		{ADB1E9A6-9F59-468D-A217-7DCFE523984D}.Release|Any CPU.Build.0 = Release|Any CPU
	EndGlobalSection
	GlobalSection(SolutionProperties) = preSolution
		HideSolutionNode = FALSE
	EndGlobalSection
	GlobalSection(ExtensibilityGlobals) = postSolution
		SolutionGuid = {1E69D6B4-4201-41DD-A84C-B6EA50B5BC79}
	EndGlobalSection
EndGlobal
