
Microsoft Visual Studio Solution File, Format Version 12.00
# Visual Studio Version 16
VisualStudioVersion = 16.0.28803.202
MinimumVisualStudioVersion = 10.0.40219.1
Project("{FAE04EC0-301F-11D3-BF4B-00C04F79EFBC}") = "lab1_1_4", "lab1_1_4\lab1_1_4.csproj", "{86DA485C-8FDB-4715-BE51-F116BC07E95B}"
EndProject
Global
	GlobalSection(SolutionConfigurationPlatforms) = preSolution
		Debug|Any CPU = Debug|Any CPU
		Release|Any CPU = Release|Any CPU
	EndGlobalSection
	GlobalSection(ProjectConfigurationPlatforms) = postSolution
		{86DA485C-8FDB-4715-BE51-F116BC07E95B}.Debug|Any CPU.ActiveCfg = Debug|Any CPU
		{86DA485C-8FDB-4715-BE51-F116BC07E95B}.Debug|Any CPU.Build.0 = Debug|Any CPU
		{86DA485C-8FDB-4715-BE51-F116BC07E95B}.Release|Any CPU.ActiveCfg = Release|Any CPU
		{86DA485C-8FDB-4715-BE51-F116BC07E95B}.Release|Any CPU.Build.0 = Release|Any CPU
	EndGlobalSection
	GlobalSection(SolutionProperties) = preSolution
		HideSolutionNode = FALSE
	EndGlobalSection
	GlobalSection(ExtensibilityGlobals) = postSolution
		SolutionGuid = {EE330C03-CCF2-4DC8-9DFA-94AAFF8DF3DD}
	EndGlobalSection
EndGlobal
