
Microsoft Visual Studio Solution File, Format Version 12.00
# Visual Studio Version 16
VisualStudioVersion = 16.0.28803.202
MinimumVisualStudioVersion = 10.0.40219.1
Project("{FAE04EC0-301F-11D3-BF4B-00C04F79EFBC}") = "lab1_2_1", "lab1_2_1\lab1_2_1.csproj", "{66BB15F8-321F-45F9-AF7D-D9E3989A5B7B}"
EndProject
Global
	GlobalSection(SolutionConfigurationPlatforms) = preSolution
		Debug|Any CPU = Debug|Any CPU
		Release|Any CPU = Release|Any CPU
	EndGlobalSection
	GlobalSection(ProjectConfigurationPlatforms) = postSolution
		{66BB15F8-321F-45F9-AF7D-D9E3989A5B7B}.Debug|Any CPU.ActiveCfg = Debug|Any CPU
		{66BB15F8-321F-45F9-AF7D-D9E3989A5B7B}.Debug|Any CPU.Build.0 = Debug|Any CPU
		{66BB15F8-321F-45F9-AF7D-D9E3989A5B7B}.Release|Any CPU.ActiveCfg = Release|Any CPU
		{66BB15F8-321F-45F9-AF7D-D9E3989A5B7B}.Release|Any CPU.Build.0 = Release|Any CPU
	EndGlobalSection
	GlobalSection(SolutionProperties) = preSolution
		HideSolutionNode = FALSE
	EndGlobalSection
	GlobalSection(ExtensibilityGlobals) = postSolution
		SolutionGuid = {73AB85B7-67F2-4FEA-B3B9-C5AC244B12AC}
	EndGlobalSection
EndGlobal
