
Microsoft Visual Studio Solution File, Format Version 12.00
# Visual Studio Version 16
VisualStudioVersion = 16.0.28803.202
MinimumVisualStudioVersion = 10.0.40219.1
Project("{FAE04EC0-301F-11D3-BF4B-00C04F79EFBC}") = "lab", "lab\lab.csproj", "{98FBCA36-DA96-4F7E-AD4F-60C04E6838DA}"
EndProject
Global
	GlobalSection(SolutionConfigurationPlatforms) = preSolution
		Debug|Any CPU = Debug|Any CPU
		Release|Any CPU = Release|Any CPU
	EndGlobalSection
	GlobalSection(ProjectConfigurationPlatforms) = postSolution
		{98FBCA36-DA96-4F7E-AD4F-60C04E6838DA}.Debug|Any CPU.ActiveCfg = Debug|Any CPU
		{98FBCA36-DA96-4F7E-AD4F-60C04E6838DA}.Debug|Any CPU.Build.0 = Debug|Any CPU
		{98FBCA36-DA96-4F7E-AD4F-60C04E6838DA}.Release|Any CPU.ActiveCfg = Release|Any CPU
		{98FBCA36-DA96-4F7E-AD4F-60C04E6838DA}.Release|Any CPU.Build.0 = Release|Any CPU
	EndGlobalSection
	GlobalSection(SolutionProperties) = preSolution
		HideSolutionNode = FALSE
	EndGlobalSection
	GlobalSection(ExtensibilityGlobals) = postSolution
		SolutionGuid = {46DBEC83-5340-446B-A714-3B6B69FB29CF}
	EndGlobalSection
EndGlobal
