
Microsoft Visual Studio Solution File, Format Version 12.00
# Visual Studio Version 16
VisualStudioVersion = 16.0.28803.202
MinimumVisualStudioVersion = 10.0.40219.1
Project("{FAE04EC0-301F-11D3-BF4B-00C04F79EFBC}") = "lab1_3_1", "lab1_3_1\lab1_3_1.csproj", "{F125B52D-F6E6-47B6-A34C-6A7D96B10F5E}"
EndProject
Global
	GlobalSection(SolutionConfigurationPlatforms) = preSolution
		Debug|Any CPU = Debug|Any CPU
		Release|Any CPU = Release|Any CPU
	EndGlobalSection
	GlobalSection(ProjectConfigurationPlatforms) = postSolution
		{F125B52D-F6E6-47B6-A34C-6A7D96B10F5E}.Debug|Any CPU.ActiveCfg = Debug|Any CPU
		{F125B52D-F6E6-47B6-A34C-6A7D96B10F5E}.Debug|Any CPU.Build.0 = Debug|Any CPU
		{F125B52D-F6E6-47B6-A34C-6A7D96B10F5E}.Release|Any CPU.ActiveCfg = Release|Any CPU
		{F125B52D-F6E6-47B6-A34C-6A7D96B10F5E}.Release|Any CPU.Build.0 = Release|Any CPU
	EndGlobalSection
	GlobalSection(SolutionProperties) = preSolution
		HideSolutionNode = FALSE
	EndGlobalSection
	GlobalSection(ExtensibilityGlobals) = postSolution
		SolutionGuid = {536CEC93-DE26-469E-BCF0-F74E9080FC89}
	EndGlobalSection
EndGlobal
