
Microsoft Visual Studio Solution File, Format Version 12.00
# Visual Studio Version 16
VisualStudioVersion = 16.0.28803.202
MinimumVisualStudioVersion = 10.0.40219.1
Project("{FAE04EC0-301F-11D3-BF4B-00C04F79EFBC}") = "lab1_2_2", "lab1_2_2\lab1_2_2.csproj", "{6F50E65C-8725-451A-9564-249BD9B7D6D9}"
EndProject
Global
	GlobalSection(SolutionConfigurationPlatforms) = preSolution
		Debug|Any CPU = Debug|Any CPU
		Release|Any CPU = Release|Any CPU
	EndGlobalSection
	GlobalSection(ProjectConfigurationPlatforms) = postSolution
		{6F50E65C-8725-451A-9564-249BD9B7D6D9}.Debug|Any CPU.ActiveCfg = Debug|Any CPU
		{6F50E65C-8725-451A-9564-249BD9B7D6D9}.Debug|Any CPU.Build.0 = Debug|Any CPU
		{6F50E65C-8725-451A-9564-249BD9B7D6D9}.Release|Any CPU.ActiveCfg = Release|Any CPU
		{6F50E65C-8725-451A-9564-249BD9B7D6D9}.Release|Any CPU.Build.0 = Release|Any CPU
	EndGlobalSection
	GlobalSection(SolutionProperties) = preSolution
		HideSolutionNode = FALSE
	EndGlobalSection
	GlobalSection(ExtensibilityGlobals) = postSolution
		SolutionGuid = {CD09FAAB-3750-45C0-92CE-9762CE0F5F7B}
	EndGlobalSection
EndGlobal
